
Microsoft Visual Studio Solution File, Format Version 12.00
# Visual Studio 15
VisualStudioVersion = 15.0.28307.1340
MinimumVisualStudioVersion = 10.0.40219.1
Project("{9A19103F-16F7-4668-BE54-9A1E7A4F7556}") = "EzPinyin", "EzPinyin\EzPinyin.csproj", "{7AF4C7D5-D770-44AA-8F11-53CFB9F82D12}"
EndProject
Project("{FAE04EC0-301F-11D3-BF4B-00C04F79EFBC}") = "EzPinyin.UnitTest", "EzPinyin.UnitTest\EzPinyin.UnitTest.csproj", "{EBDBFF24-5937-42F7-8A1A-67432C051157}"
EndProject
Global
	GlobalSection(SolutionConfigurationPlatforms) = preSolution
		Debug|Any CPU = Debug|Any CPU
		Release|Any CPU = Release|Any CPU
	EndGlobalSection
	GlobalSection(ProjectConfigurationPlatforms) = postSolution
		{7AF4C7D5-D770-44AA-8F11-53CFB9F82D12}.Debug|Any CPU.ActiveCfg = Debug|Any CPU
		{7AF4C7D5-D770-44AA-8F11-53CFB9F82D12}.Debug|Any CPU.Build.0 = Debug|Any CPU
		{7AF4C7D5-D770-44AA-8F11-53CFB9F82D12}.Release|Any CPU.ActiveCfg = Release|Any CPU
		{7AF4C7D5-D770-44AA-8F11-53CFB9F82D12}.Release|Any CPU.Build.0 = Release|Any CPU
		{EBDBFF24-5937-42F7-8A1A-67432C051157}.Debug|Any CPU.ActiveCfg = Debug|Any CPU
		{EBDBFF24-5937-42F7-8A1A-67432C051157}.Debug|Any CPU.Build.0 = Debug|Any CPU
		{EBDBFF24-5937-42F7-8A1A-67432C051157}.Release|Any CPU.ActiveCfg = Release|Any CPU
		{EBDBFF24-5937-42F7-8A1A-67432C051157}.Release|Any CPU.Build.0 = Release|Any CPU
	EndGlobalSection
	GlobalSection(SolutionProperties) = preSolution
		HideSolutionNode = FALSE
	EndGlobalSection
	GlobalSection(ExtensibilityGlobals) = postSolution
		SolutionGuid = {621B65AD-9EFF-4DE0-96BB-21278713E840}
	EndGlobalSection
EndGlobal
